// !$*UTF8*$!
{
	archiveVersion = 1;
	classes = {
	};
	objectVersion = 50;
	objects = {

/* Begin PBXBuildFile section */
		A427A5E15031935C9253A3A0 /* Pods_MobilliumCase.framework in Frameworks */ = {isa = PBXBuildFile; fileRef = 6FB527AE1794C4839C5F5F8B /* Pods_MobilliumCase.framework */; };
		B910AD2E26CACD3700E6A205 /* AppDelegate.swift in Sources */ = {isa = PBXBuildFile; fileRef = B910AD2D26CACD3700E6A205 /* AppDelegate.swift */; };
		B910AD3026CACD3700E6A205 /* SceneDelegate.swift in Sources */ = {isa = PBXBuildFile; fileRef = B910AD2F26CACD3700E6A205 /* SceneDelegate.swift */; };
		B910AD3226CACD3700E6A205 /* ViewController.swift in Sources */ = {isa = PBXBuildFile; fileRef = B910AD3126CACD3700E6A205 /* ViewController.swift */; };
		B910AD3526CACD3700E6A205 /* Main.storyboard in Resources */ = {isa = PBXBuildFile; fileRef = B910AD3326CACD3700E6A205 /* Main.storyboard */; };
		B910AD3726CACD3800E6A205 /* Assets.xcassets in Resources */ = {isa = PBXBuildFile; fileRef = B910AD3626CACD3800E6A205 /* Assets.xcassets */; };
		B910AD3A26CACD3800E6A205 /* LaunchScreen.storyboard in Resources */ = {isa = PBXBuildFile; fileRef = B910AD3826CACD3800E6A205 /* LaunchScreen.storyboard */; };
/* End PBXBuildFile section */

/* Begin PBXFileReference section */
		6FB527AE1794C4839C5F5F8B /* Pods_MobilliumCase.framework */ = {isa = PBXFileReference; explicitFileType = wrapper.framework; includeInIndex = 0; path = Pods_MobilliumCase.framework; sourceTree = BUILT_PRODUCTS_DIR; };
		7ED0D1694F50101D96767D4F /* Pods-MobilliumCase.release.xcconfig */ = {isa = PBXFileReference; includeInIndex = 1; lastKnownFileType = text.xcconfig; name = "Pods-MobilliumCase.release.xcconfig"; path = "Target Support Files/Pods-MobilliumCase/Pods-MobilliumCase.release.xcconfig"; sourceTree = "<group>"; };
		B910AD2A26CACD3700E6A205 /* MobilliumCase.app */ = {isa = PBXFileReference; explicitFileType = wrapper.application; includeInIndex = 0; path = MobilliumCase.app; sourceTree = BUILT_PRODUCTS_DIR; };
		B910AD2D26CACD3700E6A205 /* AppDelegate.swift */ = {isa = PBXFileReference; lastKnownFileType = sourcecode.swift; path = AppDelegate.swift; sourceTree = "<group>"; };
		B910AD2F26CACD3700E6A205 /* SceneDelegate.swift */ = {isa = PBXFileReference; lastKnownFileType = sourcecode.swift; path = SceneDelegate.swift; sourceTree = "<group>"; };
		B910AD3126CACD3700E6A205 /* ViewController.swift */ = {isa = PBXFileReference; lastKnownFileType = sourcecode.swift; path = ViewController.swift; sourceTree = "<group>"; };
		B910AD3426CACD3700E6A205 /* Base */ = {isa = PBXFileReference; lastKnownFileType = file.storyboard; name = Base; path = Base.lproj/Main.storyboard; sourceTree = "<group>"; };
		B910AD3626CACD3800E6A205 /* Assets.xcassets */ = {isa = PBXFileReference; lastKnownFileType = folder.assetcatalog; path = Assets.xcassets; sourceTree = "<group>"; };
		B910AD3926CACD3800E6A205 /* Base */ = {isa = PBXFileReference; lastKnownFileType = file.storyboard; name = Base; path = Base.lproj/LaunchScreen.storyboard; sourceTree = "<group>"; };
		B910AD3B26CACD3800E6A205 /* Info.plist */ = {isa = PBXFileReference; lastKnownFileType = text.plist.xml; path = Info.plist; sourceTree = "<group>"; };
		C8CF4988E0068986578BA2A8 /* Pods-MobilliumCase.debug.xcconfig */ = {isa = PBXFileReference; includeInIndex = 1; lastKnownFileType = text.xcconfig; name = "Pods-MobilliumCase.debug.xcconfig"; path = "Target Support Files/Pods-MobilliumCase/Pods-MobilliumCase.debug.xcconfig"; sourceTree = "<group>"; };
/* End PBXFileReference section */

/* Begin PBXFrameworksBuildPhase section */
		B910AD2726CACD3700E6A205 /* Frameworks */ = {
			isa = PBXFrameworksBuildPhase;
			buildActionMask = 2147483647;
			files = (
				A427A5E15031935C9253A3A0 /* Pods_MobilliumCase.framework in Frameworks */,
			);
			runOnlyForDeploymentPostprocessing = 0;
		};
/* End PBXFrameworksBuildPhase section */

/* Begin PBXGroup section */
		8936D56182246123F4CF9E2E /* Frameworks */ = {
			isa = PBXGroup;
			children = (
				6FB527AE1794C4839C5F5F8B /* Pods_MobilliumCase.framework */,
			);
			name = Frameworks;
			sourceTree = "<group>";
		};
		A6982B5B9659C5216611B80C /* Pods */ = {
			isa = PBXGroup;
			children = (
				C8CF4988E0068986578BA2A8 /* Pods-MobilliumCase.debug.xcconfig */,
				7ED0D1694F50101D96767D4F /* Pods-MobilliumCase.release.xcconfig */,
			);
			name = Pods;
			path = Pods;
			sourceTree = "<group>";
		};
		B910AD2126CACD3700E6A205 = {
			isa = PBXGroup;
			children = (
				B910AD2C26CACD3700E6A205 /* MobilliumCase */,
				B910AD2B26CACD3700E6A205 /* Products */,
				A6982B5B9659C5216611B80C /* Pods */,
				8936D56182246123F4CF9E2E /* Frameworks */,
			);
			sourceTree = "<group>";
		};
		B910AD2B26CACD3700E6A205 /* Products */ = {
			isa = PBXGroup;
			children = (
				B910AD2A26CACD3700E6A205 /* MobilliumCase.app */,
			);
			name = Products;
			sourceTree = "<group>";
		};
		B910AD2C26CACD3700E6A205 /* MobilliumCase */ = {
			isa = PBXGroup;
			children = (
				B910AD2D26CACD3700E6A205 /* AppDelegate.swift */,
				B910AD2F26CACD3700E6A205 /* SceneDelegate.swift */,
				B910AD3126CACD3700E6A205 /* ViewController.swift */,
				B910AD3326CACD3700E6A205 /* Main.storyboard */,
				B910AD3626CACD3800E6A205 /* Assets.xcassets */,
				B910AD3826CACD3800E6A205 /* LaunchScreen.storyboard */,
				B910AD3B26CACD3800E6A205 /* Info.plist */,
			);
			path = MobilliumCase;
			sourceTree = "<group>";
		};
/* End PBXGroup section */

/* Begin PBXNativeTarget section */
		B910AD2926CACD3700E6A205 /* MobilliumCase */ = {
			isa = PBXNativeTarget;
			buildConfigurationList = B910AD3E26CACD3800E6A205 /* Build configuration list for PBXNativeTarget "MobilliumCase" */;
			buildPhases = (
				A8D5C43EF5A6DFB564567759 /* [CP] Check Pods Manifest.lock */,
				B910AD2626CACD3700E6A205 /* Sources */,
				B910AD2726CACD3700E6A205 /* Frameworks */,
				B910AD2826CACD3700E6A205 /* Resources */,
				EF5C0F0D64FE9663436E9A25 /* [CP] Embed Pods Frameworks */,
			);
			buildRules = (
			);
			dependencies = (
			);
			name = MobilliumCase;
			productName = MobilliumCase;
			productReference = B910AD2A26CACD3700E6A205 /* MobilliumCase.app */;
			productType = "com.apple.product-type.application";
		};
/* End PBXNativeTarget section */

/* Begin PBXProject section */
		B910AD2226CACD3700E6A205 /* Project object */ = {
			isa = PBXProject;
			attributes = {
				LastSwiftUpdateCheck = 1250;
				LastUpgradeCheck = 1250;
				TargetAttributes = {
					B910AD2926CACD3700E6A205 = {
						CreatedOnToolsVersion = 12.5;
					};
				};
			};
			buildConfigurationList = B910AD2526CACD3700E6A205 /* Build configuration list for PBXProject "MobilliumCase" */;
			compatibilityVersion = "Xcode 9.3";
			developmentRegion = en;
			hasScannedForEncodings = 0;
			knownRegions = (
				en,
				Base,
			);
			mainGroup = B910AD2126CACD3700E6A205;
			productRefGroup = B910AD2B26CACD3700E6A205 /* Products */;
			projectDirPath = "";
			projectRoot = "";
			targets = (
				B910AD2926CACD3700E6A205 /* MobilliumCase */,
			);
		};
/* End PBXProject section */

/* Begin PBXResourcesBuildPhase section */
		B910AD2826CACD3700E6A205 /* Resources */ = {
			isa = PBXResourcesBuildPhase;
			buildActionMask = 2147483647;
			files = (
				B910AD3A26CACD3800E6A205 /* LaunchScreen.storyboard in Resources */,
				B910AD3726CACD3800E6A205 /* Assets.xcassets in Resources */,
				B910AD3526CACD3700E6A205 /* Main.storyboard in Resources */,
			);
			runOnlyForDeploymentPostprocessing = 0;
		};
/* End PBXResourcesBuildPhase section */

/* Begin PBXShellScriptBuildPhase section */
		A8D5C43EF5A6DFB564567759 /* [CP] Check Pods Manifest.lock */ = {
			isa = PBXShellScriptBuildPhase;
			buildActionMask = 2147483647;
			files = (
			);
			inputFileListPaths = (
			);
			inputPaths = (
				"${PODS_PODFILE_DIR_PATH}/Podfile.lock",
				"${PODS_ROOT}/Manifest.lock",
			);
			name = "[CP] Check Pods Manifest.lock";
			outputFileListPaths = (
			);
			outputPaths = (
				"$(DERIVED_FILE_DIR)/Pods-MobilliumCase-checkManifestLockResult.txt",
			);
			runOnlyForDeploymentPostprocessing = 0;
			shellPath = /bin/sh;
			shellScript = "diff \"${PODS_PODFILE_DIR_PATH}/Podfile.lock\" \"${PODS_ROOT}/Manifest.lock\" > /dev/null\nif [ $? != 0 ] ; then\n    # print error to STDERR\n    echo \"error: The sandbox is not in sync with the Podfile.lock. Run 'pod install' or update your CocoaPods installation.\" >&2\n    exit 1\nfi\n# This output is used by Xcode 'outputs' to avoid re-running this script phase.\necho \"SUCCESS\" > \"${SCRIPT_OUTPUT_FILE_0}\"\n";
			showEnvVarsInLog = 0;
		};
		EF5C0F0D64FE9663436E9A25 /* [CP] Embed Pods Frameworks */ = {
			isa = PBXShellScriptBuildPhase;
			buildActionMask = 2147483647;
			files = (
			);
			inputFileListPaths = (
				"${PODS_ROOT}/Target Support Files/Pods-MobilliumCase/Pods-MobilliumCase-frameworks-${CONFIGURATION}-input-files.xcfilelist",
			);
			name = "[CP] Embed Pods Frameworks";
			outputFileListPaths = (
				"${PODS_ROOT}/Target Support Files/Pods-MobilliumCase/Pods-MobilliumCase-frameworks-${CONFIGURATION}-output-files.xcfilelist",
			);
			runOnlyForDeploymentPostprocessing = 0;
			shellPath = /bin/sh;
			shellScript = "\"${PODS_ROOT}/Target Support Files/Pods-MobilliumCase/Pods-MobilliumCase-frameworks.sh\"\n";
			showEnvVarsInLog = 0;
		};
/* End PBXShellScriptBuildPhase section */

/* Begin PBXSourcesBuildPhase section */
		B910AD2626CACD3700E6A205 /* Sources */ = {
			isa = PBXSourcesBuildPhase;
			buildActionMask = 2147483647;
			files = (
				B910AD3226CACD3700E6A205 /* ViewController.swift in Sources */,
				B910AD2E26CACD3700E6A205 /* AppDelegate.swift in Sources */,
				B910AD3026CACD3700E6A205 /* SceneDelegate.swift in Sources */,
			);
			runOnlyForDeploymentPostprocessing = 0;
		};
/* End PBXSourcesBuildPhase section */

/* Begin PBXVariantGroup section */
		B910AD3326CACD3700E6A205 /* Main.storyboard */ = {
			isa = PBXVariantGroup;
			children = (
				B910AD3426CACD3700E6A205 /* Base */,
			);
			name = Main.storyboard;
			sourceTree = "<group>";
		};
		B910AD3826CACD3800E6A205 /* LaunchScreen.storyboard */ = {
			isa = PBXVariantGroup;
			children = (
				B910AD3926CACD3800E6A205 /* Base */,
			);
			name = LaunchScreen.storyboard;
			sourceTree = "<group>";
		};
/* End PBXVariantGroup section */

/* Begin XCBuildConfiguration section */
		B910AD3C26CACD3800E6A205 /* Debug */ = {
			isa = XCBuildConfiguration;
			buildSettings = {
				ALWAYS_SEARCH_USER_PATHS = NO;
				CLANG_ANALYZER_NONNULL = YES;
				CLANG_ANALYZER_NUMBER_OBJECT_CONVERSION = YES_AGGRESSIVE;
				CLANG_CXX_LANGUAGE_STANDARD = "gnu++14";
				CLANG_CXX_LIBRARY = "libc++";
				CLANG_ENABLE_MODULES = YES;
				CLANG_ENABLE_OBJC_ARC = YES;
				CLANG_ENABLE_OBJC_WEAK = YES;
				CLANG_WARN_BLOCK_CAPTURE_AUTORELEASING = YES;
				CLANG_WARN_BOOL_CONVERSION = YES;
				CLANG_WARN_COMMA = YES;
				CLANG_WARN_CONSTANT_CONVERSION = YES;
				CLANG_WARN_DEPRECATED_OBJC_IMPLEMENTATIONS = YES;
				CLANG_WARN_DIRECT_OBJC_ISA_USAGE = YES_ERROR;
				CLANG_WARN_DOCUMENTATION_COMMENTS = YES;
				CLANG_WARN_EMPTY_BODY = YES;
				CLANG_WARN_ENUM_CONVERSION = YES;
				CLANG_WARN_INFINITE_RECURSION = YES;
				CLANG_WARN_INT_CONVERSION = YES;
				CLANG_WARN_NON_LITERAL_NULL_CONVERSION = YES;
				CLANG_WARN_OBJC_IMPLICIT_RETAIN_SELF = YES;
				CLANG_WARN_OBJC_LITERAL_CONVERSION = YES;
				CLANG_WARN_OBJC_ROOT_CLASS = YES_ERROR;
				CLANG_WARN_QUOTED_INCLUDE_IN_FRAMEWORK_HEADER = YES;
				CLANG_WARN_RANGE_LOOP_ANALYSIS = YES;
				CLANG_WARN_STRICT_PROTOTYPES = YES;
				CLANG_WARN_SUSPICIOUS_MOVE = YES;
				CLANG_WARN_UNGUARDED_AVAILABILITY = YES_AGGRESSIVE;
				CLANG_WARN_UNREACHABLE_CODE = YES;
				CLANG_WARN__DUPLICATE_METHOD_MATCH = YES;
				COPY_PHASE_STRIP = NO;
				DEBUG_INFORMATION_FORMAT = dwarf;
				ENABLE_STRICT_OBJC_MSGSEND = YES;
				ENABLE_TESTABILITY = YES;
				GCC_C_LANGUAGE_STANDARD = gnu11;
				GCC_DYNAMIC_NO_PIC = NO;
				GCC_NO_COMMON_BLOCKS = YES;
				GCC_OPTIMIZATION_LEVEL = 0;
				GCC_PREPROCESSOR_DEFINITIONS = (
					"DEBUG=1",
					"$(inherited)",
				);
				GCC_WARN_64_TO_32_BIT_CONVERSION = YES;
				GCC_WARN_ABOUT_RETURN_TYPE = YES_ERROR;
				GCC_WARN_UNDECLARED_SELECTOR = YES;
				GCC_WARN_UNINITIALIZED_AUTOS = YES_AGGRESSIVE;
				GCC_WARN_UNUSED_FUNCTION = YES;
				GCC_WARN_UNUSED_VARIABLE = YES;
				IPHONEOS_DEPLOYMENT_TARGET = 14.5;
				MTL_ENABLE_DEBUG_INFO = INCLUDE_SOURCE;
				MTL_FAST_MATH = YES;
				ONLY_ACTIVE_ARCH = YES;
				SDKROOT = iphoneos;
				SWIFT_ACTIVE_COMPILATION_CONDITIONS = DEBUG;
				SWIFT_OPTIMIZATION_LEVEL = "-Onone";
			};
			name = Debug;
		};
		B910AD3D26CACD3800E6A205 /* Release */ = {
			isa = XCBuildConfiguration;
			buildSettings = {
				ALWAYS_SEARCH_USER_PATHS = NO;
				CLANG_ANALYZER_NONNULL = YES;
				CLANG_ANALYZER_NUMBER_OBJECT_CONVERSION = YES_AGGRESSIVE;
				CLANG_CXX_LANGUAGE_STANDARD = "gnu++14";
				CLANG_CXX_LIBRARY = "libc++";
				CLANG_ENABLE_MODULES = YES;
				CLANG_ENABLE_OBJC_ARC = YES;
				CLANG_ENABLE_OBJC_WEAK = YES;
				CLANG_WARN_BLOCK_CAPTURE_AUTORELEASING = YES;
				CLANG_WARN_BOOL_CONVERSION = YES;
				CLANG_WARN_COMMA = YES;
				CLANG_WARN_CONSTANT_CONVERSION = YES;
				CLANG_WARN_DEPRECATED_OBJC_IMPLEMENTATIONS = YES;
				CLANG_WARN_DIRECT_OBJC_ISA_USAGE = YES_ERROR;
				CLANG_WARN_DOCUMENTATION_COMMENTS = YES;
				CLANG_WARN_EMPTY_BODY = YES;
				CLANG_WARN_ENUM_CONVERSION = YES;
				CLANG_WARN_INFINITE_RECURSION = YES;
				CLANG_WARN_INT_CONVERSION = YES;
				CLANG_WARN_NON_LITERAL_NULL_CONVERSION = YES;
				CLANG_WARN_OBJC_IMPLICIT_RETAIN_SELF = YES;
				CLANG_WARN_OBJC_LITERAL_CONVERSION = YES;
				CLANG_WARN_OBJC_ROOT_CLASS = YES_ERROR;
				CLANG_WARN_QUOTED_INCLUDE_IN_FRAMEWORK_HEADER = YES;
				CLANG_WARN_RANGE_LOOP_ANALYSIS = YES;
				CLANG_WARN_STRICT_PROTOTYPES = YES;
				CLANG_WARN_SUSPICIOUS_MOVE = YES;
				CLANG_WARN_UNGUARDED_AVAILABILITY = YES_AGGRESSIVE;
				CLANG_WARN_UNREACHABLE_CODE = YES;
				CLANG_WARN__DUPLICATE_METHOD_MATCH = YES;
				COPY_PHASE_STRIP = NO;
				DEBUG_INFORMATION_FORMAT = "dwarf-with-dsym";
				ENABLE_NS_ASSERTIONS = NO;
				ENABLE_STRICT_OBJC_MSGSEND = YES;
				GCC_C_LANGUAGE_STANDARD = gnu11;
				GCC_NO_COMMON_BLOCKS = YES;
				GCC_WARN_64_TO_32_BIT_CONVERSION = YES;
				GCC_WARN_ABOUT_RETURN_TYPE = YES_ERROR;
				GCC_WARN_UNDECLARED_SELECTOR = YES;
				GCC_WARN_UNINITIALIZED_AUTOS = YES_AGGRESSIVE;
				GCC_WARN_UNUSED_FUNCTION = YES;
				GCC_WARN_UNUSED_VARIABLE = YES;
				IPHONEOS_DEPLOYMENT_TARGET = 14.5;
				MTL_ENABLE_DEBUG_INFO = NO;
				MTL_FAST_MATH = YES;
				SDKROOT = iphoneos;
				SWIFT_COMPILATION_MODE = wholemodule;
				SWIFT_OPTIMIZATION_LEVEL = "-O";
				VALIDATE_PRODUCT = YES;
			};
			name = Release;
		};
		B910AD3F26CACD3800E6A205 /* Debug */ = {
			isa = XCBuildConfiguration;
			baseConfigurationReference = C8CF4988E0068986578BA2A8 /* Pods-MobilliumCase.debug.xcconfig */;
			buildSettings = {
				ASSETCATALOG_COMPILER_APPICON_NAME = AppIcon;
				ASSETCATALOG_COMPILER_GLOBAL_ACCENT_COLOR_NAME = AccentColor;
				CODE_SIGN_STYLE = Automatic;
				DEVELOPMENT_TEAM = WKZGS852Y3;
				INFOPLIST_FILE = MobilliumCase/Info.plist;
				LD_RUNPATH_SEARCH_PATHS = (
					"$(inherited)",
					"@executable_path/Frameworks",
				);
				PRODUCT_BUNDLE_IDENTIFIER = com.demirhanoguz.MobilliumCase;
				PRODUCT_NAME = "$(TARGET_NAME)";
				SWIFT_VERSION = 5.0;
				TARGETED_DEVICE_FAMILY = "1,2";
			};
			name = Debug;
		};
		B910AD4026CACD3800E6A205 /* Release */ = {
			isa = XCBuildConfiguration;
			baseConfigurationReference = 7ED0D1694F50101D96767D4F /* Pods-MobilliumCase.release.xcconfig */;
			buildSettings = {
				ASSETCATALOG_COMPILER_APPICON_NAME = AppIcon;
				ASSETCATALOG_COMPILER_GLOBAL_ACCENT_COLOR_NAME = AccentColor;
				CODE_SIGN_STYLE = Automatic;
				DEVELOPMENT_TEAM = WKZGS852Y3;
				INFOPLIST_FILE = MobilliumCase/Info.plist;
				LD_RUNPATH_SEARCH_PATHS = (
					"$(inherited)",
					"@executable_path/Frameworks",
				);
				PRODUCT_BUNDLE_IDENTIFIER = com.demirhanoguz.MobilliumCase;
				PRODUCT_NAME = "$(TARGET_NAME)";
				SWIFT_VERSION = 5.0;
				TARGETED_DEVICE_FAMILY = "1,2";
			};
			name = Release;
		};
/* End XCBuildConfiguration section */

/* Begin XCConfigurationList section */
		B910AD2526CACD3700E6A205 /* Build configuration list for PBXProject "MobilliumCase" */ = {
			isa = XCConfigurationList;
			buildConfigurations = (
				B910AD3C26CACD3800E6A205 /* Debug */,
				B910AD3D26CACD3800E6A205 /* Release */,
			);
			defaultConfigurationIsVisible = 0;
			defaultConfigurationName = Release;
		};
		B910AD3E26CACD3800E6A205 /* Build configuration list for PBXNativeTarget "MobilliumCase" */ = {
			isa = XCConfigurationList;
			buildConfigurations = (
				B910AD3F26CACD3800E6A205 /* Debug */,
				B910AD4026CACD3800E6A205 /* Release */,
			);
			defaultConfigurationIsVisible = 0;
			defaultConfigurationName = Release;
		};
/* End XCConfigurationList section */
	};
	rootObject = B910AD2226CACD3700E6A205 /* Project object */;
}
